
Microsoft Visual Studio Solution File, Format Version 12.00
Project("{FAE04EC0-301F-11D3-BF4B-00C04F79EFBC}") = "ApiElasticSearch", "ApiElasticSearch\ApiElasticSearch.csproj", "{5E253DAB-AD99-43E5-A91E-FB68415243C8}"
EndProject
Project("{2150E333-8FDC-42A3-9474-1A3956D46DE8}") = "Solution Items", "Solution Items", "{AF906FA7-3030-46D8-AF9B-C145D48E7073}"
	ProjectSection(SolutionItems) = preProject
		compose.yaml = compose.yaml
	EndProjectSection
EndProject
Project("{FAE04EC0-301F-11D3-BF4B-00C04F79EFBC}") = "TestUnitaires", "TestUnitaires\TestUnitaires.csproj", "{A208D5B6-2535-42CF-99D0-88AD0799BACB}"
EndProject
Global
	GlobalSection(SolutionConfigurationPlatforms) = preSolution
		Debug|Any CPU = Debug|Any CPU
		Release|Any CPU = Release|Any CPU
	EndGlobalSection
	GlobalSection(ProjectConfigurationPlatforms) = postSolution
		{5E253DAB-AD99-43E5-A91E-FB68415243C8}.Debug|Any CPU.ActiveCfg = Debug|Any CPU
		{5E253DAB-AD99-43E5-A91E-FB68415243C8}.Debug|Any CPU.Build.0 = Debug|Any CPU
		{5E253DAB-AD99-43E5-A91E-FB68415243C8}.Release|Any CPU.ActiveCfg = Release|Any CPU
		{5E253DAB-AD99-43E5-A91E-FB68415243C8}.Release|Any CPU.Build.0 = Release|Any CPU
		{A208D5B6-2535-42CF-99D0-88AD0799BACB}.Debug|Any CPU.ActiveCfg = Debug|Any CPU
		{A208D5B6-2535-42CF-99D0-88AD0799BACB}.Debug|Any CPU.Build.0 = Debug|Any CPU
		{A208D5B6-2535-42CF-99D0-88AD0799BACB}.Release|Any CPU.ActiveCfg = Release|Any CPU
		{A208D5B6-2535-42CF-99D0-88AD0799BACB}.Release|Any CPU.Build.0 = Release|Any CPU
	EndGlobalSection
EndGlobal
